
Microsoft Visual Studio Solution File, Format Version 12.00
# Visual Studio Version 18
VisualStudioVersion = 18.4.11626.88
MinimumVisualStudioVersion = 10.0.40219.1
Project("{8BC9CEB8-8B4A-11D0-8D11-00A0C91BC942}") = "Truss1D", "truss1D\Truss1D.vcxproj", "{B241C5AA-78E7-E07C-BC5C-82C4E9865B3B}"
EndProject
Project("{8BC9CEB8-8B4A-11D0-8D11-00A0C91BC942}") = "CDFEG", "CDFEG\CDFEG.vcxproj", "{D4647A68-8235-4DD8-BA05-E98B254B90B4}"
EndProject
Global
	GlobalSection(SolutionConfigurationPlatforms) = preSolution
		Debug|x64 = Debug|x64
		Debug|x86 = Debug|x86
		Release|x64 = Release|x64
		Release|x86 = Release|x86
		releaseStatic|x64 = releaseStatic|x64
		releaseStatic|x86 = releaseStatic|x86
	EndGlobalSection
	GlobalSection(ProjectConfigurationPlatforms) = postSolution
		{B241C5AA-78E7-E07C-BC5C-82C4E9865B3B}.Debug|x64.ActiveCfg = Debug|x64
		{B241C5AA-78E7-E07C-BC5C-82C4E9865B3B}.Debug|x64.Build.0 = Debug|x64
		{B241C5AA-78E7-E07C-BC5C-82C4E9865B3B}.Debug|x86.ActiveCfg = Debug|Win32
		{B241C5AA-78E7-E07C-BC5C-82C4E9865B3B}.Debug|x86.Build.0 = Debug|Win32
		{B241C5AA-78E7-E07C-BC5C-82C4E9865B3B}.Release|x64.ActiveCfg = Release|x64
		{B241C5AA-78E7-E07C-BC5C-82C4E9865B3B}.Release|x64.Build.0 = Release|x64
		{B241C5AA-78E7-E07C-BC5C-82C4E9865B3B}.Release|x86.ActiveCfg = Release|Win32
		{B241C5AA-78E7-E07C-BC5C-82C4E9865B3B}.Release|x86.Build.0 = Release|Win32
		{B241C5AA-78E7-E07C-BC5C-82C4E9865B3B}.releaseStatic|x64.ActiveCfg = Release|x64
		{B241C5AA-78E7-E07C-BC5C-82C4E9865B3B}.releaseStatic|x64.Build.0 = Release|x64
		{B241C5AA-78E7-E07C-BC5C-82C4E9865B3B}.releaseStatic|x86.ActiveCfg = Release|Win32
		{B241C5AA-78E7-E07C-BC5C-82C4E9865B3B}.releaseStatic|x86.Build.0 = Release|Win32
		{D4647A68-8235-4DD8-BA05-E98B254B90B4}.Debug|x64.ActiveCfg = Debug|x64
		{D4647A68-8235-4DD8-BA05-E98B254B90B4}.Debug|x64.Build.0 = Debug|x64
		{D4647A68-8235-4DD8-BA05-E98B254B90B4}.Debug|x86.ActiveCfg = Debug|Win32
		{D4647A68-8235-4DD8-BA05-E98B254B90B4}.Debug|x86.Build.0 = Debug|Win32
		{D4647A68-8235-4DD8-BA05-E98B254B90B4}.Release|x64.ActiveCfg = Release|x64
		{D4647A68-8235-4DD8-BA05-E98B254B90B4}.Release|x64.Build.0 = Release|x64
		{D4647A68-8235-4DD8-BA05-E98B254B90B4}.Release|x86.ActiveCfg = Release|Win32
		{D4647A68-8235-4DD8-BA05-E98B254B90B4}.Release|x86.Build.0 = Release|Win32
		{D4647A68-8235-4DD8-BA05-E98B254B90B4}.releaseStatic|x64.ActiveCfg = releaseStatic|x64
		{D4647A68-8235-4DD8-BA05-E98B254B90B4}.releaseStatic|x64.Build.0 = releaseStatic|x64
		{D4647A68-8235-4DD8-BA05-E98B254B90B4}.releaseStatic|x86.ActiveCfg = releaseStatic|Win32
		{D4647A68-8235-4DD8-BA05-E98B254B90B4}.releaseStatic|x86.Build.0 = releaseStatic|Win32
	EndGlobalSection
	GlobalSection(SolutionProperties) = preSolution
		HideSolutionNode = FALSE
	EndGlobalSection
	GlobalSection(ExtensibilityGlobals) = postSolution
		SolutionGuid = {423500A9-055A-42D2-BF3A-B59A06CCFEEE}
	EndGlobalSection
EndGlobal
